{
  "version": 1,
  "dependencies": {
    "net8.0": {
      "BCrypt.Net-Next": {
        "type": "Direct",
        "requested": "[4.0.3, )",
        "resolved": "4.0.3",
        "contentHash": "W+U9WvmZQgi5cX6FS5GDtDoPzUCV4LkBLkywq/kRZhuDwcbavOzcDAr3LXJFqHUi952Yj3LEYoWW0jbEUQChsA=="
      },
      "Dapper": {
        "type": "Direct",
        "requested": "[2.1.66, )",
        "resolved": "2.1.66",
        "contentHash": "/q77jUgDOS+bzkmk3Vy9SiWMaetTw+NOoPAV0xPBsGVAyljd5S6P+4RUW7R3ZUGGr9lDRyPKgAMj2UAOwvqZYw=="
      },
      "Google.Apis.AndroidPublisher.v3": {
        "type": "Direct",
        "requested": "[1.70.0.3899, )",
        "resolved": "1.70.0.3899",
        "contentHash": "qMpk+Fb2kQ9KrIlVSB84/GzViApdBmmlIwWaeEKOvRNG9BVjoJ+BT/UucDJPWPacCZ+TArYNt0eLkPtPpmxNDw==",
        "dependencies": {
          "Google.Apis": "1.70.0",
          "Google.Apis.Auth": "1.70.0"
        }
      },
      "Google.Apis.Auth": {
        "type": "Direct",
        "requested": "[1.71.0, )",
        "resolved": "1.71.0",
        "contentHash": "AshxDrFfj0QQPkmGQWvWhT+iZ8Vif23hLa9mFZ6cnbwvfXmXwXOWK9bP6uWnLj+sO6otAYKm+7SMZYgwi1AdJA==",
        "dependencies": {
          "Google.Apis": "1.71.0",
          "Google.Apis.Core": "1.71.0",
          "System.Management": "7.0.2"
        }
      },
      "HtmlAgilityPack": {
        "type": "Direct",
        "requested": "[1.12.2, )",
        "resolved": "1.12.2",
        "contentHash": "btF/9sB65h0V9ipZxVfEQ9fxDwXSFRwhi4Z1qFBgnXONqWVKZE3LxS0JEMW73G3gvrFI7/IAqLA1y/15HDa3fw=="
      },
      "MySqlConnector": {
        "type": "Direct",
        "requested": "[2.4.0, )",
        "resolved": "2.4.0",
        "contentHash": "78M+gVOjbdZEDIyXQqcA7EYlCGS3tpbUELHvn6638A2w0pkPI625ixnzsa5staAd3N9/xFmPJtkKDYwsXpFi/w==",
        "dependencies": {
          "Microsoft.Extensions.DependencyInjection.Abstractions": "8.0.2",
          "Microsoft.Extensions.Logging.Abstractions": "8.0.2"
        }
      },
      "Google.Apis": {
        "type": "Transitive",
        "resolved": "1.71.0",
        "contentHash": "xKVk+SLZXeBPKuEKzNTg2K7ptr5ZL40+VSR8e5+yJbzTE9uRCCDPlAzT/ij3urh4usBsn5IiW5rXQI+xAc3bRQ==",
        "dependencies": {
          "Google.Apis.Core": "1.71.0"
        }
      },
      "Google.Apis.Core": {
        "type": "Transitive",
        "resolved": "1.71.0",
        "contentHash": "tCsg4USOGBVCIrSOyLht1akZe/+ioH7+LVWix6XuxP5fFiw5kEFSBXL+Of93aK/ztJa1dQI+p03dJ+AKgViRuw==",
        "dependencies": {
          "Newtonsoft.Json": "13.0.3"
        }
      },
      "Microsoft.Extensions.DependencyInjection.Abstractions": {
        "type": "Transitive",
        "resolved": "8.0.2",
        "contentHash": "3iE7UF7MQkCv1cxzCahz+Y/guQbTqieyxyaWKhrRO91itI9cOKO76OHeQDahqG4MmW5umr3CcCvGmK92lWNlbg=="
      },
      "Microsoft.Extensions.Logging.Abstractions": {
        "type": "Transitive",
        "resolved": "8.0.2",
        "contentHash": "nroMDjS7hNBPtkZqVBbSiQaQjWRDxITI8Y7XnDs97rqG3EbzVTNLZQf7bIeUJcaHOV8bca47s1Uxq94+2oGdxA==",
        "dependencies": {
          "Microsoft.Extensions.DependencyInjection.Abstractions": "8.0.2"
        }
      },
      "Newtonsoft.Json": {
        "type": "Transitive",
        "resolved": "13.0.3",
        "contentHash": "HrC5BXdl00IP9zeV+0Z848QWPAoCr9P3bDEZguI+gkLcBKAOxix/tLEAAHC+UvDNPv4a2d18lOReHMOagPa+zQ=="
      },
      "System.CodeDom": {
        "type": "Transitive",
        "resolved": "7.0.0",
        "contentHash": "GLltyqEsE5/3IE+zYRP5sNa1l44qKl9v+bfdMcwg+M9qnQf47wK3H0SUR/T+3N4JEQXF3vV4CSuuo0rsg+nq2A=="
      },
      "System.Management": {
        "type": "Transitive",
        "resolved": "7.0.2",
        "contentHash": "/qEUN91mP/MUQmJnM5y5BdT7ZoPuVrtxnFlbJ8a3kBJGhe2wCzBfnPFtK2wTtEEcf3DMGR9J00GZZfg6HRI6yA==",
        "dependencies": {
          "System.CodeDom": "7.0.0"
        }
      }
    }
  }
}